{
  "version": 4,
  "terraform_version": "1.8.4",
  "serial": 49,
  "lineage": "811f5c98-d051-0113-8cb5-e4c748a29c2b",
  "outputs": {
    "FQDN_bastion": {
      "value": "dpl-s01bst.ru-central1.internal",
      "type": "string"
    },
    "FQDN_elastic": {
      "value": "dpl-s01elk.ru-central1.internal",
      "type": "string"
    },
    "FQDN_kibana": {
      "value": "dpl-s02elk.ru-central1.internal",
      "type": "string"
    },
    "FQDN_web-1": {
      "value": "dpl-s01web.ru-central1.internal",
      "type": "string"
    },
    "FQDN_web-2": {
      "value": "dpl-s02web.ru-central1.internal",
      "type": "string"
    },
    "FQDN_zabbix": {
      "value": "dpl-s01zbx.ru-central1.internal",
      "type": "string"
    },
    "external_ip_address_L7balancer": {
      "value": [
        {
          "address": "51.250.38.121"
        }
      ],
      "type": [
        "list",
        [
          "object",
          {
            "address": "string"
          }
        ]
      ]
    },
    "external_ip_address_bastion": {
      "value": "89.169.171.244",
      "type": "string"
    },
    "external_ip_address_kibana": {
      "value": "89.169.174.158",
      "type": "string"
    },
    "external_ip_address_zabbix": {
      "value": "89.169.175.184",
      "type": "string"
    },
    "internal_ip_address_bastion": {
      "value": "10.0.4.4",
      "type": "string"
    },
    "internal_ip_address_elastic": {
      "value": "10.0.3.4",
      "type": "string"
    },
    "internal_ip_address_kibana": {
      "value": "10.0.4.3",
      "type": "string"
    },
    "internal_ip_address_web-1": {
      "value": "10.0.1.3",
      "type": "string"
    },
    "internal_ip_address_web-2": {
      "value": "10.0.2.3",
      "type": "string"
    },
    "internal_ip_address_zabbix": {
      "value": "10.0.4.5",
      "type": "string"
    }
  },
  "resources": [
    {
      "mode": "managed",
      "type": "yandex_alb_backend_group",
      "name": "web_alb_bg",
      "provider": "provider[\"registry.terraform.io/yandex-cloud/yandex\"]",
      "instances": [
        {
          "schema_version": 0,
          "attributes": {
            "created_at": "2024-08-13T11:40:13Z",
            "description": "",
            "folder_id": "b1gidf6ekm0ucjsd6r53",
            "grpc_backend": [],
            "http_backend": [
              {
                "healthcheck": [
                  {
                    "grpc_healthcheck": [],
                    "healthcheck_port": 0,
                    "healthy_threshold": 10,
                    "http_healthcheck": [
                      {
                        "host": "",
                        "http2": false,
                        "path": "/"
                      }
                    ],
                    "interval": "2s",
                    "interval_jitter_percent": 0,
                    "stream_healthcheck": [],
                    "timeout": "10s",
                    "unhealthy_threshold": 15
                  }
                ],
                "http2": false,
                "load_balancing_config": [
                  {
                    "locality_aware_routing_percent": 0,
                    "mode": "ROUND_ROBIN",
                    "panic_threshold": 90,
                    "strict_locality": false
                  }
                ],
                "name": "http-backend",
                "port": 80,
                "storage_bucket": "",
                "target_group_ids": [
                  "ds7eeie4p4kkdadglkhj"
                ],
                "tls": [],
                "weight": 1
              }
            ],
            "id": "ds7t73gfk61uke3joou1",
            "labels": {},
            "name": "new-backend-group",
            "session_affinity": [],
            "stream_backend": [],
            "timeouts": null
          },
          "sensitive_attributes": [],
          "private": "eyJlMmJmYjczMC1lY2FhLTExZTYtOGY4OC0zNDM2M2JjN2M0YzAiOnsiY3JlYXRlIjozMDAwMDAwMDAwMDAsImRlbGV0ZSI6MzAwMDAwMDAwMDAwLCJ1cGRhdGUiOjMwMDAwMDAwMDAwMH19",
          "dependencies": [
            "yandex_alb_target_group.web_tg_group",
            "yandex_compute_disk.disk-bastion",
            "yandex_compute_disk.disk-web-1",
            "yandex_compute_disk.disk-web-2",
            "yandex_compute_instance.bastion",
            "yandex_compute_instance.web-1",
            "yandex_compute_instance.web-2",
            "yandex_vpc_network.diplomnet",
            "yandex_vpc_route_table.inner-to-nat",
            "yandex_vpc_security_group.internal",
            "yandex_vpc_security_group.public-bastion",
            "yandex_vpc_subnet.public",
            "yandex_vpc_subnet.subnet_web-1",
            "yandex_vpc_subnet.subnet_web-2"
          ]
        }
      ]
    },
    {
      "mode": "managed",
      "type": "yandex_alb_http_router",
      "name": "http_router",
      "provider": "provider[\"registry.terraform.io/yandex-cloud/yandex\"]",
      "instances": [
        {
          "schema_version": 0,
          "attributes": {
            "created_at": "2024-08-13T11:36:36Z",
            "description": "",
            "folder_id": "b1gidf6ekm0ucjsd6r53",
            "id": "ds7393mtf3uf8629queb",
            "labels": {},
            "name": "http-router",
            "route_options": [],
            "timeouts": null
          },
          "sensitive_attributes": [],
          "private": "eyJlMmJmYjczMC1lY2FhLTExZTYtOGY4OC0zNDM2M2JjN2M0YzAiOnsiY3JlYXRlIjozMDAwMDAwMDAwMDAsImRlbGV0ZSI6MzAwMDAwMDAwMDAwLCJ1cGRhdGUiOjMwMDAwMDAwMDAwMH19"
        }
      ]
    },
    {
      "mode": "managed",
      "type": "yandex_alb_load_balancer",
      "name": "l7b",
      "provider": "provider[\"registry.terraform.io/yandex-cloud/yandex\"]",
      "instances": [
        {
          "schema_version": 0,
          "attributes": {
            "allocation_policy": [
              {
                "location": [
                  {
                    "disable_traffic": false,
                    "subnet_id": "e2lqjrvrthlarbhj9k3h",
                    "zone_id": "ru-central1-b"
                  }
                ]
              }
            ],
            "created_at": "2024-08-13T11:39:44Z",
            "description": "",
            "folder_id": "b1gidf6ekm0ucjsd6r53",
            "id": "ds7mnir42fa0460mducs",
            "labels": {},
            "listener": [
              {
                "endpoint": [
                  {
                    "address": [
                      {
                        "external_ipv4_address": [
                          {
                            "address": "51.250.38.121"
                          }
                        ],
                        "external_ipv6_address": [],
                        "internal_ipv4_address": []
                      }
                    ],
                    "ports": [
                      80
                    ]
                  }
                ],
                "http": [
                  {
                    "handler": [
                      {
                        "allow_http10": false,
                        "http2_options": [],
                        "http_router_id": "ds7393mtf3uf8629queb",
                        "rewrite_request_id": false
                      }
                    ],
                    "redirects": []
                  }
                ],
                "name": "http-listener",
                "stream": [],
                "tls": []
              }
            ],
            "log_group_id": "",
            "log_options": [],
            "name": "frontend-load-balancer",
            "network_id": "enp2jqkhl1cmlju5slr7",
            "region_id": "",
            "security_group_ids": [
              "enp1fhdhf0qtlge1l1fq",
              "enpfhgl0k6a44d5huvsp"
            ],
            "status": "active",
            "timeouts": null
          },
          "sensitive_attributes": [],
          "private": "eyJlMmJmYjczMC1lY2FhLTExZTYtOGY4OC0zNDM2M2JjN2M0YzAiOnsiY3JlYXRlIjo2MDAwMDAwMDAwMDAsImRlbGV0ZSI6NjAwMDAwMDAwMDAwLCJ1cGRhdGUiOjYwMDAwMDAwMDAwMH19",
          "dependencies": [
            "yandex_alb_http_router.http_router",
            "yandex_compute_disk.disk-bastion",
            "yandex_compute_instance.bastion",
            "yandex_vpc_network.diplomnet",
            "yandex_vpc_route_table.inner-to-nat",
            "yandex_vpc_security_group.internal",
            "yandex_vpc_security_group.public-bastion",
            "yandex_vpc_security_group.public-load-balancer",
            "yandex_vpc_subnet.private",
            "yandex_vpc_subnet.public"
          ]
        }
      ]
    },
    {
      "mode": "managed",
      "type": "yandex_alb_target_group",
      "name": "web_tg_group",
      "provider": "provider[\"registry.terraform.io/yandex-cloud/yandex\"]",
      "instances": [
        {
          "schema_version": 0,
          "attributes": {
            "created_at": "2024-08-13T11:40:12Z",
            "description": "",
            "folder_id": "b1gidf6ekm0ucjsd6r53",
            "id": "ds7eeie4p4kkdadglkhj",
            "labels": {},
            "name": "new-target-group",
            "target": [
              {
                "ip_address": "10.0.1.3",
                "private_ipv4_address": false,
                "subnet_id": "e9bmcib0mf5oacj5r430"
              },
              {
                "ip_address": "10.0.2.3",
                "private_ipv4_address": false,
                "subnet_id": "e2lltqt9pem6vmo8ra2s"
              }
            ],
            "timeouts": null
          },
          "sensitive_attributes": [],
          "private": "eyJlMmJmYjczMC1lY2FhLTExZTYtOGY4OC0zNDM2M2JjN2M0YzAiOnsiY3JlYXRlIjozMDAwMDAwMDAwMDAsImRlbGV0ZSI6MzAwMDAwMDAwMDAwLCJ1cGRhdGUiOjMwMDAwMDAwMDAwMH19",
          "dependencies": [
            "yandex_compute_disk.disk-bastion",
            "yandex_compute_disk.disk-web-1",
            "yandex_compute_disk.disk-web-2",
            "yandex_compute_instance.bastion",
            "yandex_compute_instance.web-1",
            "yandex_compute_instance.web-2",
            "yandex_vpc_network.diplomnet",
            "yandex_vpc_route_table.inner-to-nat",
            "yandex_vpc_security_group.internal",
            "yandex_vpc_security_group.public-bastion",
            "yandex_vpc_subnet.public",
            "yandex_vpc_subnet.subnet_web-1",
            "yandex_vpc_subnet.subnet_web-2"
          ]
        }
      ]
    },
    {
      "mode": "managed",
      "type": "yandex_alb_virtual_host",
      "name": "root",
      "provider": "provider[\"registry.terraform.io/yandex-cloud/yandex\"]",
      "instances": [
        {
          "schema_version": 0,
          "attributes": {
            "authority": [],
            "http_router_id": "ds7393mtf3uf8629queb",
            "id": "ds7393mtf3uf8629queb/root-virtual-host",
            "modify_request_headers": [],
            "modify_response_headers": [],
            "name": "root-virtual-host",
            "route": [
              {
                "grpc_route": [],
                "http_route": [
                  {
                    "direct_response_action": [],
                    "http_match": [
                      {
                        "http_method": [],
                        "path": [
                          {
                            "exact": "",
                            "prefix": "/",
                            "regex": ""
                          }
                        ]
                      }
                    ],
                    "http_route_action": [
                      {
                        "auto_host_rewrite": false,
                        "backend_group_id": "ds7t73gfk61uke3joou1",
                        "host_rewrite": "",
                        "idle_timeout": "",
                        "prefix_rewrite": "",
                        "timeout": "3s",
                        "upgrade_types": []
                      }
                    ],
                    "redirect_action": []
                  }
                ],
                "name": "root-path",
                "route_options": []
              }
            ],
            "route_options": [],
            "timeouts": null
          },
          "sensitive_attributes": [],
          "private": "eyJlMmJmYjczMC1lY2FhLTExZTYtOGY4OC0zNDM2M2JjN2M0YzAiOnsiY3JlYXRlIjozMDAwMDAwMDAwMDAsImRlbGV0ZSI6MzAwMDAwMDAwMDAwLCJ1cGRhdGUiOjMwMDAwMDAwMDAwMH19",
          "dependencies": [
            "yandex_alb_backend_group.web_alb_bg",
            "yandex_alb_http_router.http_router",
            "yandex_alb_target_group.web_tg_group",
            "yandex_compute_disk.disk-bastion",
            "yandex_compute_disk.disk-web-1",
            "yandex_compute_disk.disk-web-2",
            "yandex_compute_instance.bastion",
            "yandex_compute_instance.web-1",
            "yandex_compute_instance.web-2",
            "yandex_vpc_network.diplomnet",
            "yandex_vpc_route_table.inner-to-nat",
            "yandex_vpc_security_group.internal",
            "yandex_vpc_security_group.public-bastion",
            "yandex_vpc_subnet.public",
            "yandex_vpc_subnet.subnet_web-1",
            "yandex_vpc_subnet.subnet_web-2"
          ]
        }
      ]
    },
    {
      "mode": "managed",
      "type": "yandex_compute_disk",
      "name": "disk-bastion",
      "provider": "provider[\"registry.terraform.io/yandex-cloud/yandex\"]",
      "instances": [
        {
          "schema_version": 0,
          "attributes": {
            "allow_recreate": null,
            "block_size": 4096,
            "created_at": "2024-08-13T11:47:59Z",
            "description": "",
            "disk_placement_policy": [
              {
                "disk_placement_group_id": ""
              }
            ],
            "folder_id": "b1gidf6ekm0ucjsd6r53",
            "id": "epdpi9ddl3lav1hofrcc",
            "image_id": "fd8mfcsu31d3139ufj78",
            "labels": {},
            "name": "disk-bastion",
            "product_ids": [
              "f2etok498b0uj6q4d6oc",
              "f2el9tmg1uoo8t2gf45m"
            ],
            "size": 8,
            "snapshot_id": "",
            "status": "ready",
            "timeouts": null,
            "type": "network-hdd",
            "zone": "ru-central1-b"
          },
          "sensitive_attributes": [],
          "private": "eyJlMmJmYjczMC1lY2FhLTExZTYtOGY4OC0zNDM2M2JjN2M0YzAiOnsiY3JlYXRlIjozMDAwMDAwMDAwMDAsImRlbGV0ZSI6MzAwMDAwMDAwMDAwLCJ1cGRhdGUiOjMwMDAwMDAwMDAwMH19"
        }
      ]
    },
    {
      "mode": "managed",
      "type": "yandex_compute_disk",
      "name": "disk-elastic",
      "provider": "provider[\"registry.terraform.io/yandex-cloud/yandex\"]",
      "instances": [
        {
          "schema_version": 0,
          "attributes": {
            "allow_recreate": null,
            "block_size": 4096,
            "created_at": "2024-08-13T11:36:36Z",
            "description": "",
            "disk_placement_policy": [
              {
                "disk_placement_group_id": ""
              }
            ],
            "folder_id": "b1gidf6ekm0ucjsd6r53",
            "id": "epdog7ogfhgffdebhasf",
            "image_id": "fd88rqql4soidsdqf98a",
            "labels": {},
            "name": "disk-elastic",
            "product_ids": [
              "f2ecgf47np37d1pglenv"
            ],
            "size": 20,
            "snapshot_id": "",
            "status": "ready",
            "timeouts": null,
            "type": "network-hdd",
            "zone": "ru-central1-b"
          },
          "sensitive_attributes": [],
          "private": "eyJlMmJmYjczMC1lY2FhLTExZTYtOGY4OC0zNDM2M2JjN2M0YzAiOnsiY3JlYXRlIjozMDAwMDAwMDAwMDAsImRlbGV0ZSI6MzAwMDAwMDAwMDAwLCJ1cGRhdGUiOjMwMDAwMDAwMDAwMH19"
        }
      ]
    },
    {
      "mode": "managed",
      "type": "yandex_compute_disk",
      "name": "disk-kibana",
      "provider": "provider[\"registry.terraform.io/yandex-cloud/yandex\"]",
      "instances": [
        {
          "schema_version": 0,
          "attributes": {
            "allow_recreate": null,
            "block_size": 4096,
            "created_at": "2024-08-13T11:36:36Z",
            "description": "",
            "disk_placement_policy": [
              {
                "disk_placement_group_id": ""
              }
            ],
            "folder_id": "b1gidf6ekm0ucjsd6r53",
            "id": "epd6fi5go8eu17ak1oue",
            "image_id": "fd88rqql4soidsdqf98a",
            "labels": {},
            "name": "disk-kibana",
            "product_ids": [
              "f2ecgf47np37d1pglenv"
            ],
            "size": 8,
            "snapshot_id": "",
            "status": "ready",
            "timeouts": null,
            "type": "network-hdd",
            "zone": "ru-central1-b"
          },
          "sensitive_attributes": [],
          "private": "eyJlMmJmYjczMC1lY2FhLTExZTYtOGY4OC0zNDM2M2JjN2M0YzAiOnsiY3JlYXRlIjozMDAwMDAwMDAwMDAsImRlbGV0ZSI6MzAwMDAwMDAwMDAwLCJ1cGRhdGUiOjMwMDAwMDAwMDAwMH19"
        }
      ]
    },
    {
      "mode": "managed",
      "type": "yandex_compute_disk",
      "name": "disk-web-1",
      "provider": "provider[\"registry.terraform.io/yandex-cloud/yandex\"]",
      "instances": [
        {
          "schema_version": 0,
          "attributes": {
            "allow_recreate": null,
            "block_size": 4096,
            "created_at": "2024-08-13T11:36:36Z",
            "description": "",
            "disk_placement_policy": [
              {
                "disk_placement_group_id": ""
              }
            ],
            "folder_id": "b1gidf6ekm0ucjsd6r53",
            "id": "fhm8mn8l9o9ob4cth8iu",
            "image_id": "fd88rqql4soidsdqf98a",
            "labels": {},
            "name": "disk-web1",
            "product_ids": [
              "f2ecgf47np37d1pglenv"
            ],
            "size": 8,
            "snapshot_id": "",
            "status": "ready",
            "timeouts": null,
            "type": "network-hdd",
            "zone": "ru-central1-a"
          },
          "sensitive_attributes": [],
          "private": "eyJlMmJmYjczMC1lY2FhLTExZTYtOGY4OC0zNDM2M2JjN2M0YzAiOnsiY3JlYXRlIjozMDAwMDAwMDAwMDAsImRlbGV0ZSI6MzAwMDAwMDAwMDAwLCJ1cGRhdGUiOjMwMDAwMDAwMDAwMH19"
        }
      ]
    },
    {
      "mode": "managed",
      "type": "yandex_compute_disk",
      "name": "disk-web-2",
      "provider": "provider[\"registry.terraform.io/yandex-cloud/yandex\"]",
      "instances": [
        {
          "schema_version": 0,
          "attributes": {
            "allow_recreate": null,
            "block_size": 4096,
            "created_at": "2024-08-13T11:36:36Z",
            "description": "",
            "disk_placement_policy": [
              {
                "disk_placement_group_id": ""
              }
            ],
            "folder_id": "b1gidf6ekm0ucjsd6r53",
            "id": "epdve50jakh2njoocke9",
            "image_id": "fd88rqql4soidsdqf98a",
            "labels": {},
            "name": "disk-web2",
            "product_ids": [
              "f2ecgf47np37d1pglenv"
            ],
            "size": 8,
            "snapshot_id": "",
            "status": "ready",
            "timeouts": null,
            "type": "network-hdd",
            "zone": "ru-central1-b"
          },
          "sensitive_attributes": [],
          "private": "eyJlMmJmYjczMC1lY2FhLTExZTYtOGY4OC0zNDM2M2JjN2M0YzAiOnsiY3JlYXRlIjozMDAwMDAwMDAwMDAsImRlbGV0ZSI6MzAwMDAwMDAwMDAwLCJ1cGRhdGUiOjMwMDAwMDAwMDAwMH19"
        }
      ]
    },
    {
      "mode": "managed",
      "type": "yandex_compute_disk",
      "name": "disk-zabbix",
      "provider": "provider[\"registry.terraform.io/yandex-cloud/yandex\"]",
      "instances": [
        {
          "schema_version": 0,
          "attributes": {
            "allow_recreate": null,
            "block_size": 4096,
            "created_at": "2024-08-13T11:36:36Z",
            "description": "",
            "disk_placement_policy": [
              {
                "disk_placement_group_id": ""
              }
            ],
            "folder_id": "b1gidf6ekm0ucjsd6r53",
            "id": "epdeh6lpef48dqo3oc7e",
            "image_id": "fd88rqql4soidsdqf98a",
            "labels": {},
            "name": "disk-zabbix",
            "product_ids": [
              "f2ecgf47np37d1pglenv"
            ],
            "size": 8,
            "snapshot_id": "",
            "status": "ready",
            "timeouts": null,
            "type": "network-hdd",
            "zone": "ru-central1-b"
          },
          "sensitive_attributes": [],
          "private": "eyJlMmJmYjczMC1lY2FhLTExZTYtOGY4OC0zNDM2M2JjN2M0YzAiOnsiY3JlYXRlIjozMDAwMDAwMDAwMDAsImRlbGV0ZSI6MzAwMDAwMDAwMDAwLCJ1cGRhdGUiOjMwMDAwMDAwMDAwMH19"
        }
      ]
    },
    {
      "mode": "managed",
      "type": "yandex_compute_instance",
      "name": "bastion",
      "provider": "provider[\"registry.terraform.io/yandex-cloud/yandex\"]",
      "instances": [
        {
          "schema_version": 1,
          "attributes": {
            "allow_recreate": null,
            "allow_stopping_for_update": true,
            "boot_disk": [
              {
                "auto_delete": true,
                "device_name": "epdpi9ddl3lav1hofrcc",
                "disk_id": "epdpi9ddl3lav1hofrcc",
                "initialize_params": [
                  {
                    "block_size": 4096,
                    "description": "",
                    "image_id": "fd8mfcsu31d3139ufj78",
                    "name": "disk-bastion",
                    "size": 8,
                    "snapshot_id": "",
                    "type": "network-hdd"
                  }
                ],
                "mode": "READ_WRITE"
              }
            ],
            "created_at": "2024-08-13T11:48:07Z",
            "description": "",
            "filesystem": [],
            "folder_id": "b1gidf6ekm0ucjsd6r53",
            "fqdn": "dpl-s01bst.ru-central1.internal",
            "gpu_cluster_id": "",
            "hostname": "dpl-s01bst",
            "id": "epdhmdj75t0njlvvnfbr",
            "labels": {},
            "local_disk": [],
            "maintenance_grace_period": "",
            "maintenance_policy": null,
            "metadata": {
              "user-data": "#cloud-config\nusers:\n  - name: tech\n    groups: sudo\n    shell: /bin/bash\n    sudo: ['ALL=(ALL) NOPASSWD:ALL']\n    ssh-authorized-keys:\n      - ssh-ed25519 AAAAC3NzaC1lZDI1NTE5AAAAIIA1gu1INKNlb1cBsY+CvGMPPiIbtFgeQ1FKXvkOjNVD mfilatov@DESKTOP-75GEOPA\n      - ssh-rsa AAAAB3NzaC1yc2EAAAADAQABAAABgQCeSZQHTdhLsgM9MaXOpyA1AwVDDX6IgTVQHLeFzNTMN3S+cj2gJuTqeQy7NPN0IruHeExdxa4Mda0ClyFrGva7VXlan1OqggKVe21x9cerEcYuaWYIs8o7bB0ICXXEEGVM3pt4XILWTd2hANPbdPXmzd+mUvIfZ7hb0CWLgPzkXJrVc1D9xKrIt/CMKfxHjuneRIB/CKTZRCN1CoXIhsMgCrNrNSQChzBGGpS6L4LQ4ZC395kWxl9EiQTGSCytcq3Fe7ToyU4q1X71CMxgjaSc6F50LrtHbhqdLCnQ+H+sq1RfVqmC6eMQxkBtG14aR+8XpNngjeQP9PrRGaOkm0MWzVc0oaCPaNp+mKW8H4gkPJaaQQeluz/4LQsIHwC8YUf+5n8NcTzDvXhylv8zlePal5+ymXrOWRWXBVczi8xj1puYBaX3Yf7jOoM2Tyq18J2KvJDkDQ1e5oGtIHlbF9JdwPywm7eXJJ+lLwrBpAjOSM2E4ctNY1pPv1E7+53tViM= mfilatov@7GTKXS2\n"
            },
            "metadata_options": [
              {
                "aws_v1_http_endpoint": 1,
                "aws_v1_http_token": 2,
                "gce_http_endpoint": 1,
                "gce_http_token": 1
              }
            ],
            "name": "bastiont",
            "network_acceleration_type": "standard",
            "network_interface": [
              {
                "dns_record": [
                  {
                    "dns_zone_id": "",
                    "fqdn": "dpl-s01bst.srv.",
                    "ptr": false,
                    "ttl": 300
                  }
                ],
                "index": 0,
                "ip_address": "10.0.4.4",
                "ipv4": true,
                "ipv6": false,
                "ipv6_address": "",
                "ipv6_dns_record": [],
                "mac_address": "d0:0d:11:b3:66:72",
                "nat": true,
                "nat_dns_record": [],
                "nat_ip_address": "89.169.171.244",
                "nat_ip_version": "IPV4",
                "security_group_ids": [
                  "enpbpm0f3nskvpvtis1h",
                  "enpfhgl0k6a44d5huvsp"
                ],
                "subnet_id": "e2lvhukh1nhsordscs88"
              }
            ],
            "placement_policy": [
              {
                "host_affinity_rules": [],
                "placement_group_id": "",
                "placement_group_partition": 0
              }
            ],
            "platform_id": "standard-v3",
            "resources": [
              {
                "core_fraction": 20,
                "cores": 2,
                "gpus": 0,
                "memory": 2
              }
            ],
            "scheduling_policy": [
              {
                "preemptible": true
              }
            ],
            "secondary_disk": [],
            "service_account_id": "",
            "status": "running",
            "timeouts": null,
            "zone": "ru-central1-b"
          },
          "sensitive_attributes": [],
          "private": "eyJlMmJmYjczMC1lY2FhLTExZTYtOGY4OC0zNDM2M2JjN2M0YzAiOnsiY3JlYXRlIjozMDAwMDAwMDAwMDAsImRlbGV0ZSI6MzAwMDAwMDAwMDAwLCJ1cGRhdGUiOjMwMDAwMDAwMDAwMH0sInNjaGVtYV92ZXJzaW9uIjoiMSJ9",
          "dependencies": [
            "yandex_compute_disk.disk-bastion",
            "yandex_vpc_network.diplomnet",
            "yandex_vpc_security_group.internal",
            "yandex_vpc_security_group.public-bastion",
            "yandex_vpc_subnet.public"
          ]
        }
      ]
    },
    {
      "mode": "managed",
      "type": "yandex_compute_instance",
      "name": "elastic",
      "provider": "provider[\"registry.terraform.io/yandex-cloud/yandex\"]",
      "instances": [
        {
          "schema_version": 1,
          "attributes": {
            "allow_recreate": null,
            "allow_stopping_for_update": true,
            "boot_disk": [
              {
                "auto_delete": true,
                "device_name": "epdog7ogfhgffdebhasf",
                "disk_id": "epdog7ogfhgffdebhasf",
                "initialize_params": [
                  {
                    "block_size": 4096,
                    "description": "",
                    "image_id": "fd88rqql4soidsdqf98a",
                    "name": "disk-elastic",
                    "size": 20,
                    "snapshot_id": "",
                    "type": "network-hdd"
                  }
                ],
                "mode": "READ_WRITE"
              }
            ],
            "created_at": "2024-08-13T11:39:44Z",
            "description": "",
            "filesystem": [],
            "folder_id": "b1gidf6ekm0ucjsd6r53",
            "fqdn": "dpl-s01elk.ru-central1.internal",
            "gpu_cluster_id": "",
            "hostname": "dpl-s01elk",
            "id": "epdmlie4uup4jho7bguh",
            "labels": {},
            "local_disk": [],
            "maintenance_grace_period": "",
            "maintenance_policy": null,
            "metadata": {
              "user-data": "#cloud-config\nusers:\n  - name: tech\n    groups: sudo\n    shell: /bin/bash\n    sudo: ['ALL=(ALL) NOPASSWD:ALL']\n    ssh-authorized-keys:\n      - ssh-ed25519 AAAAC3NzaC1lZDI1NTE5AAAAIIA1gu1INKNlb1cBsY+CvGMPPiIbtFgeQ1FKXvkOjNVD mfilatov@DESKTOP-75GEOPA\n      - ssh-rsa AAAAB3NzaC1yc2EAAAADAQABAAABgQCeSZQHTdhLsgM9MaXOpyA1AwVDDX6IgTVQHLeFzNTMN3S+cj2gJuTqeQy7NPN0IruHeExdxa4Mda0ClyFrGva7VXlan1OqggKVe21x9cerEcYuaWYIs8o7bB0ICXXEEGVM3pt4XILWTd2hANPbdPXmzd+mUvIfZ7hb0CWLgPzkXJrVc1D9xKrIt/CMKfxHjuneRIB/CKTZRCN1CoXIhsMgCrNrNSQChzBGGpS6L4LQ4ZC395kWxl9EiQTGSCytcq3Fe7ToyU4q1X71CMxgjaSc6F50LrtHbhqdLCnQ+H+sq1RfVqmC6eMQxkBtG14aR+8XpNngjeQP9PrRGaOkm0MWzVc0oaCPaNp+mKW8H4gkPJaaQQeluz/4LQsIHwC8YUf+5n8NcTzDvXhylv8zlePal5+ymXrOWRWXBVczi8xj1puYBaX3Yf7jOoM2Tyq18J2KvJDkDQ1e5oGtIHlbF9JdwPywm7eXJJ+lLwrBpAjOSM2E4ctNY1pPv1E7+53tViM= mfilatov@7GTKXS2\n"
            },
            "metadata_options": [
              {
                "aws_v1_http_endpoint": 1,
                "aws_v1_http_token": 2,
                "gce_http_endpoint": 1,
                "gce_http_token": 1
              }
            ],
            "name": "vm-elastic",
            "network_acceleration_type": "standard",
            "network_interface": [
              {
                "dns_record": [
                  {
                    "dns_zone_id": "",
                    "fqdn": "dpl-s01elk.srv.",
                    "ptr": false,
                    "ttl": 300
                  }
                ],
                "index": 0,
                "ip_address": "10.0.3.4",
                "ipv4": true,
                "ipv6": false,
                "ipv6_address": "",
                "ipv6_dns_record": [],
                "mac_address": "d0:0d:16:ac:9c:4f",
                "nat": false,
                "nat_dns_record": [],
                "nat_ip_address": "",
                "nat_ip_version": "",
                "security_group_ids": [
                  "enpfhgl0k6a44d5huvsp"
                ],
                "subnet_id": "e2lqjrvrthlarbhj9k3h"
              }
            ],
            "placement_policy": [
              {
                "host_affinity_rules": [],
                "placement_group_id": "",
                "placement_group_partition": 0
              }
            ],
            "platform_id": "standard-v3",
            "resources": [
              {
                "core_fraction": 20,
                "cores": 2,
                "gpus": 0,
                "memory": 4
              }
            ],
            "scheduling_policy": [
              {
                "preemptible": true
              }
            ],
            "secondary_disk": [],
            "service_account_id": "",
            "status": "running",
            "timeouts": null,
            "zone": "ru-central1-b"
          },
          "sensitive_attributes": [],
          "private": "eyJlMmJmYjczMC1lY2FhLTExZTYtOGY4OC0zNDM2M2JjN2M0YzAiOnsiY3JlYXRlIjozMDAwMDAwMDAwMDAsImRlbGV0ZSI6MzAwMDAwMDAwMDAwLCJ1cGRhdGUiOjMwMDAwMDAwMDAwMH0sInNjaGVtYV92ZXJzaW9uIjoiMSJ9",
          "dependencies": [
            "yandex_compute_disk.disk-bastion",
            "yandex_compute_disk.disk-elastic",
            "yandex_compute_instance.bastion",
            "yandex_vpc_network.diplomnet",
            "yandex_vpc_route_table.inner-to-nat",
            "yandex_vpc_security_group.internal",
            "yandex_vpc_security_group.public-bastion",
            "yandex_vpc_subnet.private",
            "yandex_vpc_subnet.public"
          ]
        }
      ]
    },
    {
      "mode": "managed",
      "type": "yandex_compute_instance",
      "name": "kibana",
      "provider": "provider[\"registry.terraform.io/yandex-cloud/yandex\"]",
      "instances": [
        {
          "schema_version": 1,
          "attributes": {
            "allow_recreate": null,
            "allow_stopping_for_update": true,
            "boot_disk": [
              {
                "auto_delete": true,
                "device_name": "epd6fi5go8eu17ak1oue",
                "disk_id": "epd6fi5go8eu17ak1oue",
                "initialize_params": [
                  {
                    "block_size": 4096,
                    "description": "",
                    "image_id": "fd88rqql4soidsdqf98a",
                    "name": "disk-kibana",
                    "size": 8,
                    "snapshot_id": "",
                    "type": "network-hdd"
                  }
                ],
                "mode": "READ_WRITE"
              }
            ],
            "created_at": "2024-08-13T11:38:48Z",
            "description": "",
            "filesystem": [],
            "folder_id": "b1gidf6ekm0ucjsd6r53",
            "fqdn": "dpl-s02elk.ru-central1.internal",
            "gpu_cluster_id": "",
            "hostname": "dpl-s02elk",
            "id": "epdo5u9dvplnuchgcj1a",
            "labels": {},
            "local_disk": [],
            "maintenance_grace_period": "",
            "maintenance_policy": null,
            "metadata": {
              "user-data": "#cloud-config\nusers:\n  - name: tech\n    groups: sudo\n    shell: /bin/bash\n    sudo: ['ALL=(ALL) NOPASSWD:ALL']\n    ssh-authorized-keys:\n      - ssh-ed25519 AAAAC3NzaC1lZDI1NTE5AAAAIIA1gu1INKNlb1cBsY+CvGMPPiIbtFgeQ1FKXvkOjNVD mfilatov@DESKTOP-75GEOPA\n      - ssh-rsa AAAAB3NzaC1yc2EAAAADAQABAAABgQCeSZQHTdhLsgM9MaXOpyA1AwVDDX6IgTVQHLeFzNTMN3S+cj2gJuTqeQy7NPN0IruHeExdxa4Mda0ClyFrGva7VXlan1OqggKVe21x9cerEcYuaWYIs8o7bB0ICXXEEGVM3pt4XILWTd2hANPbdPXmzd+mUvIfZ7hb0CWLgPzkXJrVc1D9xKrIt/CMKfxHjuneRIB/CKTZRCN1CoXIhsMgCrNrNSQChzBGGpS6L4LQ4ZC395kWxl9EiQTGSCytcq3Fe7ToyU4q1X71CMxgjaSc6F50LrtHbhqdLCnQ+H+sq1RfVqmC6eMQxkBtG14aR+8XpNngjeQP9PrRGaOkm0MWzVc0oaCPaNp+mKW8H4gkPJaaQQeluz/4LQsIHwC8YUf+5n8NcTzDvXhylv8zlePal5+ymXrOWRWXBVczi8xj1puYBaX3Yf7jOoM2Tyq18J2KvJDkDQ1e5oGtIHlbF9JdwPywm7eXJJ+lLwrBpAjOSM2E4ctNY1pPv1E7+53tViM= mfilatov@7GTKXS2\n"
            },
            "metadata_options": [
              {
                "aws_v1_http_endpoint": 1,
                "aws_v1_http_token": 2,
                "gce_http_endpoint": 1,
                "gce_http_token": 1
              }
            ],
            "name": "vm-kibana",
            "network_acceleration_type": "standard",
            "network_interface": [
              {
                "dns_record": [
                  {
                    "dns_zone_id": "",
                    "fqdn": "dpl-s02elk.srv.",
                    "ptr": false,
                    "ttl": 300
                  }
                ],
                "index": 0,
                "ip_address": "10.0.4.3",
                "ipv4": true,
                "ipv6": false,
                "ipv6_address": "",
                "ipv6_dns_record": [],
                "mac_address": "d0:0d:18:2f:92:df",
                "nat": true,
                "nat_dns_record": [],
                "nat_ip_address": "89.169.174.158",
                "nat_ip_version": "IPV4",
                "security_group_ids": [
                  "enpfhgl0k6a44d5huvsp",
                  "enpndb2t40sk67bfetmq"
                ],
                "subnet_id": "e2lvhukh1nhsordscs88"
              }
            ],
            "placement_policy": [
              {
                "host_affinity_rules": [],
                "placement_group_id": "",
                "placement_group_partition": 0
              }
            ],
            "platform_id": "standard-v3",
            "resources": [
              {
                "core_fraction": 20,
                "cores": 2,
                "gpus": 0,
                "memory": 2
              }
            ],
            "scheduling_policy": [
              {
                "preemptible": true
              }
            ],
            "secondary_disk": [],
            "service_account_id": "",
            "status": "running",
            "timeouts": null,
            "zone": "ru-central1-b"
          },
          "sensitive_attributes": [],
          "private": "eyJlMmJmYjczMC1lY2FhLTExZTYtOGY4OC0zNDM2M2JjN2M0YzAiOnsiY3JlYXRlIjozMDAwMDAwMDAwMDAsImRlbGV0ZSI6MzAwMDAwMDAwMDAwLCJ1cGRhdGUiOjMwMDAwMDAwMDAwMH0sInNjaGVtYV92ZXJzaW9uIjoiMSJ9",
          "dependencies": [
            "yandex_compute_disk.disk-kibana",
            "yandex_vpc_network.diplomnet",
            "yandex_vpc_security_group.internal",
            "yandex_vpc_security_group.public-kibana",
            "yandex_vpc_subnet.public"
          ]
        }
      ]
    },
    {
      "mode": "managed",
      "type": "yandex_compute_instance",
      "name": "web-1",
      "provider": "provider[\"registry.terraform.io/yandex-cloud/yandex\"]",
      "instances": [
        {
          "schema_version": 1,
          "attributes": {
            "allow_recreate": null,
            "allow_stopping_for_update": true,
            "boot_disk": [
              {
                "auto_delete": true,
                "device_name": "fhm8mn8l9o9ob4cth8iu",
                "disk_id": "fhm8mn8l9o9ob4cth8iu",
                "initialize_params": [
                  {
                    "block_size": 4096,
                    "description": "",
                    "image_id": "fd88rqql4soidsdqf98a",
                    "name": "disk-web1",
                    "size": 8,
                    "snapshot_id": "",
                    "type": "network-hdd"
                  }
                ],
                "mode": "READ_WRITE"
              }
            ],
            "created_at": "2024-08-13T11:39:43Z",
            "description": "",
            "filesystem": [],
            "folder_id": "b1gidf6ekm0ucjsd6r53",
            "fqdn": "dpl-s01web.ru-central1.internal",
            "gpu_cluster_id": "",
            "hostname": "dpl-s01web",
            "id": "fhm1q4a12dn756d3rih7",
            "labels": {},
            "local_disk": [],
            "maintenance_grace_period": "",
            "maintenance_policy": null,
            "metadata": {
              "user-data": "#cloud-config\nusers:\n  - name: tech\n    groups: sudo\n    shell: /bin/bash\n    sudo: ['ALL=(ALL) NOPASSWD:ALL']\n    ssh-authorized-keys:\n      - ssh-ed25519 AAAAC3NzaC1lZDI1NTE5AAAAIIA1gu1INKNlb1cBsY+CvGMPPiIbtFgeQ1FKXvkOjNVD mfilatov@DESKTOP-75GEOPA\n      - ssh-rsa AAAAB3NzaC1yc2EAAAADAQABAAABgQCeSZQHTdhLsgM9MaXOpyA1AwVDDX6IgTVQHLeFzNTMN3S+cj2gJuTqeQy7NPN0IruHeExdxa4Mda0ClyFrGva7VXlan1OqggKVe21x9cerEcYuaWYIs8o7bB0ICXXEEGVM3pt4XILWTd2hANPbdPXmzd+mUvIfZ7hb0CWLgPzkXJrVc1D9xKrIt/CMKfxHjuneRIB/CKTZRCN1CoXIhsMgCrNrNSQChzBGGpS6L4LQ4ZC395kWxl9EiQTGSCytcq3Fe7ToyU4q1X71CMxgjaSc6F50LrtHbhqdLCnQ+H+sq1RfVqmC6eMQxkBtG14aR+8XpNngjeQP9PrRGaOkm0MWzVc0oaCPaNp+mKW8H4gkPJaaQQeluz/4LQsIHwC8YUf+5n8NcTzDvXhylv8zlePal5+ymXrOWRWXBVczi8xj1puYBaX3Yf7jOoM2Tyq18J2KvJDkDQ1e5oGtIHlbF9JdwPywm7eXJJ+lLwrBpAjOSM2E4ctNY1pPv1E7+53tViM= mfilatov@7GTKXS2\n"
            },
            "metadata_options": [
              {
                "aws_v1_http_endpoint": 1,
                "aws_v1_http_token": 2,
                "gce_http_endpoint": 1,
                "gce_http_token": 1
              }
            ],
            "name": "web-01",
            "network_acceleration_type": "standard",
            "network_interface": [
              {
                "dns_record": [
                  {
                    "dns_zone_id": "",
                    "fqdn": "dpl-s01web.srv.",
                    "ptr": false,
                    "ttl": 300
                  }
                ],
                "index": 0,
                "ip_address": "10.0.1.3",
                "ipv4": true,
                "ipv6": false,
                "ipv6_address": "",
                "ipv6_dns_record": [],
                "mac_address": "d0:0d:1d:11:41:13",
                "nat": false,
                "nat_dns_record": [],
                "nat_ip_address": "",
                "nat_ip_version": "",
                "security_group_ids": [
                  "enpfhgl0k6a44d5huvsp"
                ],
                "subnet_id": "e9bmcib0mf5oacj5r430"
              }
            ],
            "placement_policy": [
              {
                "host_affinity_rules": [],
                "placement_group_id": "",
                "placement_group_partition": 0
              }
            ],
            "platform_id": "standard-v3",
            "resources": [
              {
                "core_fraction": 20,
                "cores": 2,
                "gpus": 0,
                "memory": 2
              }
            ],
            "scheduling_policy": [
              {
                "preemptible": true
              }
            ],
            "secondary_disk": [],
            "service_account_id": "",
            "status": "running",
            "timeouts": null,
            "zone": "ru-central1-a"
          },
          "sensitive_attributes": [],
          "private": "eyJlMmJmYjczMC1lY2FhLTExZTYtOGY4OC0zNDM2M2JjN2M0YzAiOnsiY3JlYXRlIjozMDAwMDAwMDAwMDAsImRlbGV0ZSI6MzAwMDAwMDAwMDAwLCJ1cGRhdGUiOjMwMDAwMDAwMDAwMH0sInNjaGVtYV92ZXJzaW9uIjoiMSJ9",
          "dependencies": [
            "yandex_compute_disk.disk-bastion",
            "yandex_compute_disk.disk-web-1",
            "yandex_compute_instance.bastion",
            "yandex_vpc_network.diplomnet",
            "yandex_vpc_route_table.inner-to-nat",
            "yandex_vpc_security_group.internal",
            "yandex_vpc_security_group.public-bastion",
            "yandex_vpc_subnet.public",
            "yandex_vpc_subnet.subnet_web-1"
          ]
        }
      ]
    },
    {
      "mode": "managed",
      "type": "yandex_compute_instance",
      "name": "web-2",
      "provider": "provider[\"registry.terraform.io/yandex-cloud/yandex\"]",
      "instances": [
        {
          "schema_version": 1,
          "attributes": {
            "allow_recreate": null,
            "allow_stopping_for_update": true,
            "boot_disk": [
              {
                "auto_delete": true,
                "device_name": "epdve50jakh2njoocke9",
                "disk_id": "epdve50jakh2njoocke9",
                "initialize_params": [
                  {
                    "block_size": 4096,
                    "description": "",
                    "image_id": "fd88rqql4soidsdqf98a",
                    "name": "disk-web2",
                    "size": 8,
                    "snapshot_id": "",
                    "type": "network-hdd"
                  }
                ],
                "mode": "READ_WRITE"
              }
            ],
            "created_at": "2024-08-13T11:39:46Z",
            "description": "",
            "filesystem": [],
            "folder_id": "b1gidf6ekm0ucjsd6r53",
            "fqdn": "dpl-s02web.ru-central1.internal",
            "gpu_cluster_id": "",
            "hostname": "dpl-s02web",
            "id": "epddelmog033bvhscf4s",
            "labels": {},
            "local_disk": [],
            "maintenance_grace_period": "",
            "maintenance_policy": null,
            "metadata": {
              "user-data": "#cloud-config\nusers:\n  - name: tech\n    groups: sudo\n    shell: /bin/bash\n    sudo: ['ALL=(ALL) NOPASSWD:ALL']\n    ssh-authorized-keys:\n      - ssh-ed25519 AAAAC3NzaC1lZDI1NTE5AAAAIIA1gu1INKNlb1cBsY+CvGMPPiIbtFgeQ1FKXvkOjNVD mfilatov@DESKTOP-75GEOPA\n      - ssh-rsa AAAAB3NzaC1yc2EAAAADAQABAAABgQCeSZQHTdhLsgM9MaXOpyA1AwVDDX6IgTVQHLeFzNTMN3S+cj2gJuTqeQy7NPN0IruHeExdxa4Mda0ClyFrGva7VXlan1OqggKVe21x9cerEcYuaWYIs8o7bB0ICXXEEGVM3pt4XILWTd2hANPbdPXmzd+mUvIfZ7hb0CWLgPzkXJrVc1D9xKrIt/CMKfxHjuneRIB/CKTZRCN1CoXIhsMgCrNrNSQChzBGGpS6L4LQ4ZC395kWxl9EiQTGSCytcq3Fe7ToyU4q1X71CMxgjaSc6F50LrtHbhqdLCnQ+H+sq1RfVqmC6eMQxkBtG14aR+8XpNngjeQP9PrRGaOkm0MWzVc0oaCPaNp+mKW8H4gkPJaaQQeluz/4LQsIHwC8YUf+5n8NcTzDvXhylv8zlePal5+ymXrOWRWXBVczi8xj1puYBaX3Yf7jOoM2Tyq18J2KvJDkDQ1e5oGtIHlbF9JdwPywm7eXJJ+lLwrBpAjOSM2E4ctNY1pPv1E7+53tViM= mfilatov@7GTKXS2\n"
            },
            "metadata_options": [
              {
                "aws_v1_http_endpoint": 1,
                "aws_v1_http_token": 2,
                "gce_http_endpoint": 1,
                "gce_http_token": 1
              }
            ],
            "name": "web-02",
            "network_acceleration_type": "standard",
            "network_interface": [
              {
                "dns_record": [
                  {
                    "dns_zone_id": "",
                    "fqdn": "dpl-s02web.srv.",
                    "ptr": false,
                    "ttl": 300
                  }
                ],
                "index": 0,
                "ip_address": "10.0.2.3",
                "ipv4": true,
                "ipv6": false,
                "ipv6_address": "",
                "ipv6_dns_record": [],
                "mac_address": "d0:0d:d7:56:d8:80",
                "nat": false,
                "nat_dns_record": [],
                "nat_ip_address": "",
                "nat_ip_version": "",
                "security_group_ids": [
                  "enpfhgl0k6a44d5huvsp"
                ],
                "subnet_id": "e2lltqt9pem6vmo8ra2s"
              }
            ],
            "placement_policy": [
              {
                "host_affinity_rules": [],
                "placement_group_id": "",
                "placement_group_partition": 0
              }
            ],
            "platform_id": "standard-v3",
            "resources": [
              {
                "core_fraction": 20,
                "cores": 2,
                "gpus": 0,
                "memory": 2
              }
            ],
            "scheduling_policy": [
              {
                "preemptible": true
              }
            ],
            "secondary_disk": [],
            "service_account_id": "",
            "status": "running",
            "timeouts": null,
            "zone": "ru-central1-b"
          },
          "sensitive_attributes": [],
          "private": "eyJlMmJmYjczMC1lY2FhLTExZTYtOGY4OC0zNDM2M2JjN2M0YzAiOnsiY3JlYXRlIjozMDAwMDAwMDAwMDAsImRlbGV0ZSI6MzAwMDAwMDAwMDAwLCJ1cGRhdGUiOjMwMDAwMDAwMDAwMH0sInNjaGVtYV92ZXJzaW9uIjoiMSJ9",
          "dependencies": [
            "yandex_compute_disk.disk-bastion",
            "yandex_compute_disk.disk-web-2",
            "yandex_compute_instance.bastion",
            "yandex_vpc_network.diplomnet",
            "yandex_vpc_route_table.inner-to-nat",
            "yandex_vpc_security_group.internal",
            "yandex_vpc_security_group.public-bastion",
            "yandex_vpc_subnet.public",
            "yandex_vpc_subnet.subnet_web-2"
          ]
        }
      ]
    },
    {
      "mode": "managed",
      "type": "yandex_compute_instance",
      "name": "zabbix",
      "provider": "provider[\"registry.terraform.io/yandex-cloud/yandex\"]",
      "instances": [
        {
          "schema_version": 1,
          "attributes": {
            "allow_recreate": null,
            "allow_stopping_for_update": true,
            "boot_disk": [
              {
                "auto_delete": true,
                "device_name": "epdeh6lpef48dqo3oc7e",
                "disk_id": "epdeh6lpef48dqo3oc7e",
                "initialize_params": [
                  {
                    "block_size": 4096,
                    "description": "",
                    "image_id": "fd88rqql4soidsdqf98a",
                    "name": "disk-zabbix",
                    "size": 8,
                    "snapshot_id": "",
                    "type": "network-hdd"
                  }
                ],
                "mode": "READ_WRITE"
              }
            ],
            "created_at": "2024-08-13T11:38:48Z",
            "description": "",
            "filesystem": [],
            "folder_id": "b1gidf6ekm0ucjsd6r53",
            "fqdn": "dpl-s01zbx.ru-central1.internal",
            "gpu_cluster_id": "",
            "hostname": "dpl-s01zbx",
            "id": "epdvsosqcumbin34m0bo",
            "labels": {},
            "local_disk": [],
            "maintenance_grace_period": "",
            "maintenance_policy": null,
            "metadata": {
              "user-data": "#cloud-config\nusers:\n  - name: tech\n    groups: sudo\n    shell: /bin/bash\n    sudo: ['ALL=(ALL) NOPASSWD:ALL']\n    ssh-authorized-keys:\n      - ssh-ed25519 AAAAC3NzaC1lZDI1NTE5AAAAIIA1gu1INKNlb1cBsY+CvGMPPiIbtFgeQ1FKXvkOjNVD mfilatov@DESKTOP-75GEOPA\n      - ssh-rsa AAAAB3NzaC1yc2EAAAADAQABAAABgQCeSZQHTdhLsgM9MaXOpyA1AwVDDX6IgTVQHLeFzNTMN3S+cj2gJuTqeQy7NPN0IruHeExdxa4Mda0ClyFrGva7VXlan1OqggKVe21x9cerEcYuaWYIs8o7bB0ICXXEEGVM3pt4XILWTd2hANPbdPXmzd+mUvIfZ7hb0CWLgPzkXJrVc1D9xKrIt/CMKfxHjuneRIB/CKTZRCN1CoXIhsMgCrNrNSQChzBGGpS6L4LQ4ZC395kWxl9EiQTGSCytcq3Fe7ToyU4q1X71CMxgjaSc6F50LrtHbhqdLCnQ+H+sq1RfVqmC6eMQxkBtG14aR+8XpNngjeQP9PrRGaOkm0MWzVc0oaCPaNp+mKW8H4gkPJaaQQeluz/4LQsIHwC8YUf+5n8NcTzDvXhylv8zlePal5+ymXrOWRWXBVczi8xj1puYBaX3Yf7jOoM2Tyq18J2KvJDkDQ1e5oGtIHlbF9JdwPywm7eXJJ+lLwrBpAjOSM2E4ctNY1pPv1E7+53tViM= mfilatov@7GTKXS2\n"
            },
            "metadata_options": [
              {
                "aws_v1_http_endpoint": 1,
                "aws_v1_http_token": 2,
                "gce_http_endpoint": 1,
                "gce_http_token": 1
              }
            ],
            "name": "vm-zabbix",
            "network_acceleration_type": "standard",
            "network_interface": [
              {
                "dns_record": [
                  {
                    "dns_zone_id": "",
                    "fqdn": "dpl-s01zbx.srv.",
                    "ptr": false,
                    "ttl": 300
                  }
                ],
                "index": 0,
                "ip_address": "10.0.4.5",
                "ipv4": true,
                "ipv6": false,
                "ipv6_address": "",
                "ipv6_dns_record": [],
                "mac_address": "d0:0d:1f:e6:39:a6",
                "nat": true,
                "nat_dns_record": [],
                "nat_ip_address": "89.169.175.184",
                "nat_ip_version": "IPV4",
                "security_group_ids": [
                  "enp632ad0iaqmicevi1f",
                  "enpfhgl0k6a44d5huvsp"
                ],
                "subnet_id": "e2lvhukh1nhsordscs88"
              }
            ],
            "placement_policy": [
              {
                "host_affinity_rules": [],
                "placement_group_id": "",
                "placement_group_partition": 0
              }
            ],
            "platform_id": "standard-v3",
            "resources": [
              {
                "core_fraction": 20,
                "cores": 2,
                "gpus": 0,
                "memory": 2
              }
            ],
            "scheduling_policy": [
              {
                "preemptible": true
              }
            ],
            "secondary_disk": [],
            "service_account_id": "",
            "status": "running",
            "timeouts": null,
            "zone": "ru-central1-b"
          },
          "sensitive_attributes": [],
          "private": "eyJlMmJmYjczMC1lY2FhLTExZTYtOGY4OC0zNDM2M2JjN2M0YzAiOnsiY3JlYXRlIjozMDAwMDAwMDAwMDAsImRlbGV0ZSI6MzAwMDAwMDAwMDAwLCJ1cGRhdGUiOjMwMDAwMDAwMDAwMH0sInNjaGVtYV92ZXJzaW9uIjoiMSJ9",
          "dependencies": [
            "yandex_compute_disk.disk-zabbix",
            "yandex_vpc_network.diplomnet",
            "yandex_vpc_security_group.internal",
            "yandex_vpc_security_group.public-zabbix",
            "yandex_vpc_subnet.public"
          ]
        }
      ]
    },
    {
      "mode": "managed",
      "type": "yandex_compute_snapshot_schedule",
      "name": "infra-snapshots",
      "provider": "provider[\"registry.terraform.io/yandex-cloud/yandex\"]",
      "instances": [
        {
          "schema_version": 0,
          "attributes": {
            "created_at": "2024-08-13T11:40:14Z",
            "description": "Ежедневные снапшоты, хранение 7 дней",
            "disk_ids": [
              "epd6fi5go8eu17ak1oue",
              "epdeh6lpef48dqo3oc7e",
              "epdog7ogfhgffdebhasf",
              "epdpi9ddl3lav1hofrcc",
              "epdve50jakh2njoocke9",
              "fhm8mn8l9o9ob4cth8iu"
            ],
            "folder_id": "b1gidf6ekm0ucjsd6r53",
            "id": "fd8ilb2mokv3fnvbhllb",
            "labels": {},
            "name": "infra-snapshots",
            "retention_period": "168h0m0s",
            "schedule_policy": [
              {
                "expression": "0 1 * * *",
                "start_at": "1970-01-01T00:00:00Z"
              }
            ],
            "snapshot_count": 0,
            "snapshot_spec": [
              {
                "description": "retention-snapshot",
                "labels": {}
              }
            ],
            "status": "active",
            "timeouts": null
          },
          "sensitive_attributes": [],
          "private": "eyJlMmJmYjczMC1lY2FhLTExZTYtOGY4OC0zNDM2M2JjN2M0YzAiOnsiY3JlYXRlIjozMDAwMDAwMDAwMDAsImRlbGV0ZSI6MzAwMDAwMDAwMDAwLCJ1cGRhdGUiOjMwMDAwMDAwMDAwMH19",
          "dependencies": [
            "yandex_compute_disk.disk-bastion",
            "yandex_compute_disk.disk-elastic",
            "yandex_compute_disk.disk-kibana",
            "yandex_compute_disk.disk-web-1",
            "yandex_compute_disk.disk-web-2",
            "yandex_compute_disk.disk-zabbix",
            "yandex_compute_instance.bastion",
            "yandex_compute_instance.elastic",
            "yandex_compute_instance.kibana",
            "yandex_compute_instance.web-1",
            "yandex_compute_instance.web-2",
            "yandex_compute_instance.zabbix",
            "yandex_vpc_network.diplomnet",
            "yandex_vpc_route_table.inner-to-nat",
            "yandex_vpc_security_group.internal",
            "yandex_vpc_security_group.public-bastion",
            "yandex_vpc_security_group.public-kibana",
            "yandex_vpc_security_group.public-zabbix",
            "yandex_vpc_subnet.private",
            "yandex_vpc_subnet.public",
            "yandex_vpc_subnet.subnet_web-1",
            "yandex_vpc_subnet.subnet_web-2"
          ]
        }
      ]
    },
    {
      "mode": "managed",
      "type": "yandex_vpc_network",
      "name": "diplomnet",
      "provider": "provider[\"registry.terraform.io/yandex-cloud/yandex\"]",
      "instances": [
        {
          "schema_version": 0,
          "attributes": {
            "created_at": "2024-08-13T11:36:36Z",
            "default_security_group_id": "enpa8cv99h9ou5orprpc",
            "description": "new network for the diplom project",
            "folder_id": "b1gidf6ekm0ucjsd6r53",
            "id": "enp2jqkhl1cmlju5slr7",
            "labels": {},
            "name": "diplom_network",
            "subnet_ids": [
              "e2lltqt9pem6vmo8ra2s",
              "e2lqjrvrthlarbhj9k3h",
              "e2lvhukh1nhsordscs88",
              "e9bmcib0mf5oacj5r430"
            ],
            "timeouts": null
          },
          "sensitive_attributes": [],
          "private": "eyJlMmJmYjczMC1lY2FhLTExZTYtOGY4OC0zNDM2M2JjN2M0YzAiOnsiY3JlYXRlIjo2MDAwMDAwMDAwMCwiZGVsZXRlIjo2MDAwMDAwMDAwMCwidXBkYXRlIjo2MDAwMDAwMDAwMH19"
        }
      ]
    },
    {
      "mode": "managed",
      "type": "yandex_vpc_route_table",
      "name": "inner-to-nat",
      "provider": "provider[\"registry.terraform.io/yandex-cloud/yandex\"]",
      "instances": [
        {
          "schema_version": 0,
          "attributes": {
            "created_at": "2024-08-13T11:39:41Z",
            "description": "",
            "folder_id": "b1gidf6ekm0ucjsd6r53",
            "id": "enp9dnpdn0p2hglhp8on",
            "labels": {},
            "name": "",
            "network_id": "enp2jqkhl1cmlju5slr7",
            "static_route": [
              {
                "destination_prefix": "0.0.0.0/0",
                "gateway_id": "",
                "next_hop_address": "10.0.4.4"
              }
            ],
            "timeouts": null
          },
          "sensitive_attributes": [],
          "private": "eyJlMmJmYjczMC1lY2FhLTExZTYtOGY4OC0zNDM2M2JjN2M0YzAiOnsiY3JlYXRlIjoxODAwMDAwMDAwMDAsImRlbGV0ZSI6MTgwMDAwMDAwMDAwLCJ1cGRhdGUiOjE4MDAwMDAwMDAwMH19",
          "dependencies": [
            "yandex_compute_disk.disk-bastion",
            "yandex_compute_instance.bastion",
            "yandex_vpc_network.diplomnet",
            "yandex_vpc_security_group.internal",
            "yandex_vpc_security_group.public-bastion",
            "yandex_vpc_subnet.public"
          ]
        }
      ]
    },
    {
      "mode": "managed",
      "type": "yandex_vpc_security_group",
      "name": "internal",
      "provider": "provider[\"registry.terraform.io/yandex-cloud/yandex\"]",
      "instances": [
        {
          "schema_version": 0,
          "attributes": {
            "created_at": "2024-08-13T11:36:41Z",
            "description": "",
            "egress": [
              {
                "description": "allow any outgoing connections",
                "from_port": -1,
                "id": "enpcgirts7lcmb0vhnei",
                "labels": {},
                "port": -1,
                "predefined_target": "",
                "protocol": "ANY",
                "security_group_id": "",
                "to_port": -1,
                "v4_cidr_blocks": [
                  "0.0.0.0/0"
                ],
                "v6_cidr_blocks": []
              }
            ],
            "folder_id": "b1gidf6ekm0ucjsd6r53",
            "id": "enpfhgl0k6a44d5huvsp",
            "ingress": [
              {
                "description": "allow any connection from internal subnets",
                "from_port": -1,
                "id": "enpo8rau0qemm4ptrk9h",
                "labels": {},
                "port": -1,
                "predefined_target": "self_security_group",
                "protocol": "ANY",
                "security_group_id": "",
                "to_port": -1,
                "v4_cidr_blocks": [],
                "v6_cidr_blocks": []
              }
            ],
            "labels": {},
            "name": "internal-rules",
            "network_id": "enp2jqkhl1cmlju5slr7",
            "status": "ACTIVE",
            "timeouts": null
          },
          "sensitive_attributes": [],
          "private": "eyJlMmJmYjczMC1lY2FhLTExZTYtOGY4OC0zNDM2M2JjN2M0YzAiOnsiY3JlYXRlIjoxODAwMDAwMDAwMDAsImRlbGV0ZSI6MTgwMDAwMDAwMDAwLCJ1cGRhdGUiOjE4MDAwMDAwMDAwMH19",
          "dependencies": [
            "yandex_vpc_network.diplomnet"
          ]
        }
      ]
    },
    {
      "mode": "managed",
      "type": "yandex_vpc_security_group",
      "name": "public-bastion",
      "provider": "provider[\"registry.terraform.io/yandex-cloud/yandex\"]",
      "instances": [
        {
          "schema_version": 0,
          "attributes": {
            "created_at": "2024-08-13T11:36:39Z",
            "description": "",
            "egress": [
              {
                "description": "allow any outgoing connection",
                "from_port": -1,
                "id": "enpp40vj341fndbodssd",
                "labels": {},
                "port": -1,
                "predefined_target": "",
                "protocol": "ANY",
                "security_group_id": "",
                "to_port": -1,
                "v4_cidr_blocks": [
                  "0.0.0.0/0"
                ],
                "v6_cidr_blocks": []
              }
            ],
            "folder_id": "b1gidf6ekm0ucjsd6r53",
            "id": "enpbpm0f3nskvpvtis1h",
            "ingress": [
              {
                "description": "allow ping",
                "from_port": -1,
                "id": "enp2c9u46srtqs4s94pr",
                "labels": {},
                "port": -1,
                "predefined_target": "",
                "protocol": "ICMP",
                "security_group_id": "",
                "to_port": -1,
                "v4_cidr_blocks": [
                  "0.0.0.0/0"
                ],
                "v6_cidr_blocks": []
              },
              {
                "description": "ssh_bastion",
                "from_port": -1,
                "id": "enpuiksi1q46dv0cr6b5",
                "labels": {},
                "port": 22,
                "predefined_target": "",
                "protocol": "TCP",
                "security_group_id": "",
                "to_port": -1,
                "v4_cidr_blocks": [
                  "0.0.0.0/0"
                ],
                "v6_cidr_blocks": []
              }
            ],
            "labels": {},
            "name": "public-bastion-rules",
            "network_id": "enp2jqkhl1cmlju5slr7",
            "status": "ACTIVE",
            "timeouts": null
          },
          "sensitive_attributes": [],
          "private": "eyJlMmJmYjczMC1lY2FhLTExZTYtOGY4OC0zNDM2M2JjN2M0YzAiOnsiY3JlYXRlIjoxODAwMDAwMDAwMDAsImRlbGV0ZSI6MTgwMDAwMDAwMDAwLCJ1cGRhdGUiOjE4MDAwMDAwMDAwMH19",
          "dependencies": [
            "yandex_vpc_network.diplomnet"
          ]
        }
      ]
    },
    {
      "mode": "managed",
      "type": "yandex_vpc_security_group",
      "name": "public-kibana",
      "provider": "provider[\"registry.terraform.io/yandex-cloud/yandex\"]",
      "instances": [
        {
          "schema_version": 0,
          "attributes": {
            "created_at": "2024-08-13T11:36:40Z",
            "description": "",
            "egress": [
              {
                "description": "allow any outgoing connection",
                "from_port": -1,
                "id": "enp03575op1eef4gdk9g",
                "labels": {},
                "port": -1,
                "predefined_target": "",
                "protocol": "ANY",
                "security_group_id": "",
                "to_port": -1,
                "v4_cidr_blocks": [
                  "0.0.0.0/0"
                ],
                "v6_cidr_blocks": []
              }
            ],
            "folder_id": "b1gidf6ekm0ucjsd6r53",
            "id": "enpndb2t40sk67bfetmq",
            "ingress": [
              {
                "description": "allow kibana connections from internet",
                "from_port": -1,
                "id": "enp3p8v84orejhslj5e1",
                "labels": {},
                "port": 5601,
                "predefined_target": "",
                "protocol": "TCP",
                "security_group_id": "",
                "to_port": -1,
                "v4_cidr_blocks": [
                  "0.0.0.0/0"
                ],
                "v6_cidr_blocks": []
              },
              {
                "description": "allow ping",
                "from_port": -1,
                "id": "enphli6hqp9m2dfsatdp",
                "labels": {},
                "port": -1,
                "predefined_target": "",
                "protocol": "ICMP",
                "security_group_id": "",
                "to_port": -1,
                "v4_cidr_blocks": [
                  "0.0.0.0/0"
                ],
                "v6_cidr_blocks": []
              }
            ],
            "labels": {},
            "name": "public-kibana-rules",
            "network_id": "enp2jqkhl1cmlju5slr7",
            "status": "ACTIVE",
            "timeouts": null
          },
          "sensitive_attributes": [],
          "private": "eyJlMmJmYjczMC1lY2FhLTExZTYtOGY4OC0zNDM2M2JjN2M0YzAiOnsiY3JlYXRlIjoxODAwMDAwMDAwMDAsImRlbGV0ZSI6MTgwMDAwMDAwMDAwLCJ1cGRhdGUiOjE4MDAwMDAwMDAwMH19",
          "dependencies": [
            "yandex_vpc_network.diplomnet"
          ]
        }
      ]
    },
    {
      "mode": "managed",
      "type": "yandex_vpc_security_group",
      "name": "public-load-balancer",
      "provider": "provider[\"registry.terraform.io/yandex-cloud/yandex\"]",
      "instances": [
        {
          "schema_version": 0,
          "attributes": {
            "created_at": "2024-08-13T11:36:43Z",
            "description": "",
            "egress": [
              {
                "description": "allow any outgoing connection",
                "from_port": -1,
                "id": "enptqoep1a7ga3f6k4n5",
                "labels": {},
                "port": -1,
                "predefined_target": "",
                "protocol": "ANY",
                "security_group_id": "",
                "to_port": -1,
                "v4_cidr_blocks": [
                  "0.0.0.0/0"
                ],
                "v6_cidr_blocks": []
              }
            ],
            "folder_id": "b1gidf6ekm0ucjsd6r53",
            "id": "enp1fhdhf0qtlge1l1fq",
            "ingress": [
              {
                "description": "Health checks",
                "from_port": -1,
                "id": "enp87rcsuih6de6och1v",
                "labels": {},
                "port": -1,
                "predefined_target": "",
                "protocol": "ANY",
                "security_group_id": "",
                "to_port": -1,
                "v4_cidr_blocks": [
                  "0.0.0.0/0"
                ],
                "v6_cidr_blocks": []
              },
              {
                "description": "allow HTTP connections from internet",
                "from_port": -1,
                "id": "enpa6v96rh635bci48ks",
                "labels": {},
                "port": 80,
                "predefined_target": "",
                "protocol": "TCP",
                "security_group_id": "",
                "to_port": -1,
                "v4_cidr_blocks": [
                  "0.0.0.0/0"
                ],
                "v6_cidr_blocks": []
              },
              {
                "description": "allow ping",
                "from_port": -1,
                "id": "enpqc3vg5ill87asqild",
                "labels": {},
                "port": -1,
                "predefined_target": "",
                "protocol": "ICMP",
                "security_group_id": "",
                "to_port": -1,
                "v4_cidr_blocks": [
                  "0.0.0.0/0"
                ],
                "v6_cidr_blocks": []
              }
            ],
            "labels": {},
            "name": "public-load-balancer-rules",
            "network_id": "enp2jqkhl1cmlju5slr7",
            "status": "ACTIVE",
            "timeouts": null
          },
          "sensitive_attributes": [],
          "private": "eyJlMmJmYjczMC1lY2FhLTExZTYtOGY4OC0zNDM2M2JjN2M0YzAiOnsiY3JlYXRlIjoxODAwMDAwMDAwMDAsImRlbGV0ZSI6MTgwMDAwMDAwMDAwLCJ1cGRhdGUiOjE4MDAwMDAwMDAwMH19",
          "dependencies": [
            "yandex_vpc_network.diplomnet"
          ]
        }
      ]
    },
    {
      "mode": "managed",
      "type": "yandex_vpc_security_group",
      "name": "public-zabbix",
      "provider": "provider[\"registry.terraform.io/yandex-cloud/yandex\"]",
      "instances": [
        {
          "schema_version": 0,
          "attributes": {
            "created_at": "2024-08-13T11:36:45Z",
            "description": "",
            "egress": [
              {
                "description": "allow any outgoing connection",
                "from_port": -1,
                "id": "enppq89unogmnmm6chlm",
                "labels": {},
                "port": -1,
                "predefined_target": "",
                "protocol": "ANY",
                "security_group_id": "",
                "to_port": -1,
                "v4_cidr_blocks": [
                  "0.0.0.0/0"
                ],
                "v6_cidr_blocks": []
              }
            ],
            "folder_id": "b1gidf6ekm0ucjsd6r53",
            "id": "enp632ad0iaqmicevi1f",
            "ingress": [
              {
                "description": "allow ping",
                "from_port": -1,
                "id": "enp6jhfe8t4si8k7lfhf",
                "labels": {},
                "port": -1,
                "predefined_target": "",
                "protocol": "ICMP",
                "security_group_id": "",
                "to_port": -1,
                "v4_cidr_blocks": [
                  "0.0.0.0/0"
                ],
                "v6_cidr_blocks": []
              },
              {
                "description": "allow zabbix connections from internet",
                "from_port": -1,
                "id": "enp34f1sma627q7iqj6k",
                "labels": {},
                "port": 80,
                "predefined_target": "",
                "protocol": "TCP",
                "security_group_id": "",
                "to_port": -1,
                "v4_cidr_blocks": [
                  "0.0.0.0/0"
                ],
                "v6_cidr_blocks": []
              },
              {
                "description": "allow zabbix connections from internet",
                "from_port": -1,
                "id": "enpauc23bjme1qtu4fql",
                "labels": {},
                "port": 10051,
                "predefined_target": "",
                "protocol": "TCP",
                "security_group_id": "",
                "to_port": -1,
                "v4_cidr_blocks": [
                  "0.0.0.0/0"
                ],
                "v6_cidr_blocks": []
              }
            ],
            "labels": {},
            "name": "public-zabbix-rules",
            "network_id": "enp2jqkhl1cmlju5slr7",
            "status": "ACTIVE",
            "timeouts": null
          },
          "sensitive_attributes": [],
          "private": "eyJlMmJmYjczMC1lY2FhLTExZTYtOGY4OC0zNDM2M2JjN2M0YzAiOnsiY3JlYXRlIjoxODAwMDAwMDAwMDAsImRlbGV0ZSI6MTgwMDAwMDAwMDAwLCJ1cGRhdGUiOjE4MDAwMDAwMDAwMH19",
          "dependencies": [
            "yandex_vpc_network.diplomnet"
          ]
        }
      ]
    },
    {
      "mode": "managed",
      "type": "yandex_vpc_subnet",
      "name": "private",
      "provider": "provider[\"registry.terraform.io/yandex-cloud/yandex\"]",
      "instances": [
        {
          "schema_version": 0,
          "attributes": {
            "created_at": "2024-08-13T11:39:44Z",
            "description": "",
            "dhcp_options": [],
            "folder_id": "b1gidf6ekm0ucjsd6r53",
            "id": "e2lqjrvrthlarbhj9k3h",
            "labels": {},
            "name": "internal-subnet",
            "network_id": "enp2jqkhl1cmlju5slr7",
            "route_table_id": "enp9dnpdn0p2hglhp8on",
            "timeouts": null,
            "v4_cidr_blocks": [
              "10.0.3.0/27"
            ],
            "v6_cidr_blocks": [],
            "zone": "ru-central1-b"
          },
          "sensitive_attributes": [],
          "private": "eyJlMmJmYjczMC1lY2FhLTExZTYtOGY4OC0zNDM2M2JjN2M0YzAiOnsiY3JlYXRlIjoxODAwMDAwMDAwMDAsImRlbGV0ZSI6MTgwMDAwMDAwMDAwLCJ1cGRhdGUiOjE4MDAwMDAwMDAwMH19",
          "dependencies": [
            "yandex_compute_disk.disk-bastion",
            "yandex_compute_instance.bastion",
            "yandex_vpc_network.diplomnet",
            "yandex_vpc_route_table.inner-to-nat",
            "yandex_vpc_security_group.internal",
            "yandex_vpc_security_group.public-bastion",
            "yandex_vpc_subnet.public"
          ]
        }
      ]
    },
    {
      "mode": "managed",
      "type": "yandex_vpc_subnet",
      "name": "public",
      "provider": "provider[\"registry.terraform.io/yandex-cloud/yandex\"]",
      "instances": [
        {
          "schema_version": 0,
          "attributes": {
            "created_at": "2024-08-13T11:36:38Z",
            "description": "",
            "dhcp_options": [],
            "folder_id": "b1gidf6ekm0ucjsd6r53",
            "id": "e2lvhukh1nhsordscs88",
            "labels": {},
            "name": "public-subnet",
            "network_id": "enp2jqkhl1cmlju5slr7",
            "route_table_id": "",
            "timeouts": null,
            "v4_cidr_blocks": [
              "10.0.4.0/27"
            ],
            "v6_cidr_blocks": [],
            "zone": "ru-central1-b"
          },
          "sensitive_attributes": [],
          "private": "eyJlMmJmYjczMC1lY2FhLTExZTYtOGY4OC0zNDM2M2JjN2M0YzAiOnsiY3JlYXRlIjoxODAwMDAwMDAwMDAsImRlbGV0ZSI6MTgwMDAwMDAwMDAwLCJ1cGRhdGUiOjE4MDAwMDAwMDAwMH19",
          "dependencies": [
            "yandex_vpc_network.diplomnet"
          ]
        }
      ]
    },
    {
      "mode": "managed",
      "type": "yandex_vpc_subnet",
      "name": "subnet_web-1",
      "provider": "provider[\"registry.terraform.io/yandex-cloud/yandex\"]",
      "instances": [
        {
          "schema_version": 0,
          "attributes": {
            "created_at": "2024-08-13T11:39:42Z",
            "description": "",
            "dhcp_options": [],
            "folder_id": "b1gidf6ekm0ucjsd6r53",
            "id": "e9bmcib0mf5oacj5r430",
            "labels": {},
            "name": "subnet_web-1",
            "network_id": "enp2jqkhl1cmlju5slr7",
            "route_table_id": "enp9dnpdn0p2hglhp8on",
            "timeouts": null,
            "v4_cidr_blocks": [
              "10.0.1.0/28"
            ],
            "v6_cidr_blocks": [],
            "zone": "ru-central1-a"
          },
          "sensitive_attributes": [],
          "private": "eyJlMmJmYjczMC1lY2FhLTExZTYtOGY4OC0zNDM2M2JjN2M0YzAiOnsiY3JlYXRlIjoxODAwMDAwMDAwMDAsImRlbGV0ZSI6MTgwMDAwMDAwMDAwLCJ1cGRhdGUiOjE4MDAwMDAwMDAwMH19",
          "dependencies": [
            "yandex_compute_disk.disk-bastion",
            "yandex_compute_instance.bastion",
            "yandex_vpc_network.diplomnet",
            "yandex_vpc_route_table.inner-to-nat",
            "yandex_vpc_security_group.internal",
            "yandex_vpc_security_group.public-bastion",
            "yandex_vpc_subnet.public"
          ]
        }
      ]
    },
    {
      "mode": "managed",
      "type": "yandex_vpc_subnet",
      "name": "subnet_web-2",
      "provider": "provider[\"registry.terraform.io/yandex-cloud/yandex\"]",
      "instances": [
        {
          "schema_version": 0,
          "attributes": {
            "created_at": "2024-08-13T11:39:45Z",
            "description": "",
            "dhcp_options": [],
            "folder_id": "b1gidf6ekm0ucjsd6r53",
            "id": "e2lltqt9pem6vmo8ra2s",
            "labels": {},
            "name": "subnet_web-2",
            "network_id": "enp2jqkhl1cmlju5slr7",
            "route_table_id": "enp9dnpdn0p2hglhp8on",
            "timeouts": null,
            "v4_cidr_blocks": [
              "10.0.2.0/28"
            ],
            "v6_cidr_blocks": [],
            "zone": "ru-central1-b"
          },
          "sensitive_attributes": [],
          "private": "eyJlMmJmYjczMC1lY2FhLTExZTYtOGY4OC0zNDM2M2JjN2M0YzAiOnsiY3JlYXRlIjoxODAwMDAwMDAwMDAsImRlbGV0ZSI6MTgwMDAwMDAwMDAwLCJ1cGRhdGUiOjE4MDAwMDAwMDAwMH19",
          "dependencies": [
            "yandex_compute_disk.disk-bastion",
            "yandex_compute_instance.bastion",
            "yandex_vpc_network.diplomnet",
            "yandex_vpc_route_table.inner-to-nat",
            "yandex_vpc_security_group.internal",
            "yandex_vpc_security_group.public-bastion",
            "yandex_vpc_subnet.public"
          ]
        }
      ]
    }
  ],
  "check_results": null
}
